<Solution>
  <Project Path="src/TerraRuntime/TerraRuntime.csproj" />
  <Project Path="src/TerraRuntime.Contracts/TerraRuntime.Contracts.csproj" />
  <Project Path="src/TerraRuntime.Core/TerraRuntime.Core.csproj" />
  <Project Path="src/TerraRuntime.Network/TerraRuntime.Network.csproj" />
  <Project Path="src/TerraRuntime.Protocol/TerraRuntime.Protocol.csproj" />
  <Project Path="src/TerraRuntime.Protocol.Multiplicity/TerraRuntime.Protocol.Multiplicity.csproj" />
  <Project Path="src/TerraRuntime.Transport/TerraRuntime.Transport.csproj" />
  <Project Path="tests/TerraRuntime.Tests/TerraRuntime.Tests.csproj" />
</Solution>
